
Microsoft Visual Studio Solution File, Format Version 12.00
# Visual Studio Version 17
VisualStudioVersion = 17.11.35208.52
MinimumVisualStudioVersion = 10.0.40219.1
Project("{FAE04EC0-301F-11D3-BF4B-00C04F79EFBC}") = "GorevY", "Gorev\GorevY.csproj", "{D6F1A7CA-374F-4AEC-A97A-238131DD0ABF}"
EndProject
Global
	GlobalSection(SolutionConfigurationPlatforms) = preSolution
		Debug|Any CPU = Debug|Any CPU
		Release|Any CPU = Release|Any CPU
	EndGlobalSection
	GlobalSection(ProjectConfigurationPlatforms) = postSolution
		{D6F1A7CA-374F-4AEC-A97A-238131DD0ABF}.Debug|Any CPU.ActiveCfg = Debug|Any CPU
		{D6F1A7CA-374F-4AEC-A97A-238131DD0ABF}.Debug|Any CPU.Build.0 = Debug|Any CPU
		{D6F1A7CA-374F-4AEC-A97A-238131DD0ABF}.Release|Any CPU.ActiveCfg = Release|Any CPU
		{D6F1A7CA-374F-4AEC-A97A-238131DD0ABF}.Release|Any CPU.Build.0 = Release|Any CPU
	EndGlobalSection
	GlobalSection(SolutionProperties) = preSolution
		HideSolutionNode = FALSE
	EndGlobalSection
	GlobalSection(ExtensibilityGlobals) = postSolution
		SolutionGuid = {501FB5A7-F099-402C-A81E-CE8783F27AE6}
	EndGlobalSection
EndGlobal
